PODS:
  - AppCenter (1.2.0):
    - AppCenter/Analytics (= 1.2.0)
    - AppCenter/Crashes (= 1.2.0)
  - AppCenter/Analytics (1.2.0):
    - AppCenter/Core
  - AppCenter/Core (1.2.0)
  - AppCenter/Crashes (1.2.0):
    - AppCenter/Core

DEPENDENCIES:
  - AppCenter

SPEC CHECKSUMS:
  AppCenter: d0b68b2a7a87ac0aed78e66f36d87fd321d0a29c

PODFILE CHECKSUM: 496dafa1bb94cce1f87e2d9e3c3e5d498939c37a

COCOAPODS: 1.4.0.beta.2
