// !$*UTF8*$!
{
	archiveVersion = 1;
	classes = {
	};
	objectVersion = 48;
	objects = {

/* Begin PBXBuildFile section */
		38943D0283D95BC816FF69E7 /* libPods-CalabashDemo.a in Frameworks */ = {isa = PBXBuildFile; fileRef = D4AA8AEB3821ECDE00A83320 /* libPods-CalabashDemo.a */; };
		87ADFBA65EEF9ACCC74936FE /* libPods-CalabashDemo-cal.a in Frameworks */ = {isa = PBXBuildFile; fileRef = C72C2A9361647ECA986F30F8 /* libPods-CalabashDemo-cal.a */; };
		AA2EB460200C4B3300B3A93E /* AppDelegate.m in Sources */ = {isa = PBXBuildFile; fileRef = AA2EB45F200C4B3300B3A93E /* AppDelegate.m */; };
		AA2EB463200C4B3300B3A93E /* ViewController.m in Sources */ = {isa = PBXBuildFile; fileRef = AA2EB462200C4B3300B3A93E /* ViewController.m */; };
		AA2EB466200C4B3300B3A93E /* Main.storyboard in Resources */ = {isa = PBXBuildFile; fileRef = AA2EB464200C4B3300B3A93E /* Main.storyboard */; };
		AA2EB468200C4B3300B3A93E /* Assets.xcassets in Resources */ = {isa = PBXBuildFile; fileRef = AA2EB467200C4B3300B3A93E /* Assets.xcassets */; };
		AA2EB46B200C4B3300B3A93E /* LaunchScreen.storyboard in Resources */ = {isa = PBXBuildFile; fileRef = AA2EB469200C4B3300B3A93E /* LaunchScreen.storyboard */; };
		AA2EB46E200C4B3400B3A93E /* main.m in Sources */ = {isa = PBXBuildFile; fileRef = AA2EB46D200C4B3400B3A93E /* main.m */; };
		AA2EB476200C4D7700B3A93E /* DetailViewController.m in Sources */ = {isa = PBXBuildFile; fileRef = AA2EB475200C4D7700B3A93E /* DetailViewController.m */; };
		AA2EB479200C4FAD00B3A93E /* UIColor+Random.m in Sources */ = {isa = PBXBuildFile; fileRef = AA2EB478200C4FAD00B3A93E /* UIColor+Random.m */; };
		AA2EB47E200C79E000B3A93E /* Foo.m in Sources */ = {isa = PBXBuildFile; fileRef = AA2EB47D200C79E000B3A93E /* Foo.m */; };
		AA2EB486200C7A6200B3A93E /* CalabashDemoTests.m in Sources */ = {isa = PBXBuildFile; fileRef = AA2EB485200C7A6200B3A93E /* CalabashDemoTests.m */; };
		AA2EB4A6200C889600B3A93E /* Foo.m in Sources */ = {isa = PBXBuildFile; fileRef = AA2EB47D200C79E000B3A93E /* Foo.m */; };
		AA2EB4A7200C889600B3A93E /* UIColor+Random.m in Sources */ = {isa = PBXBuildFile; fileRef = AA2EB478200C4FAD00B3A93E /* UIColor+Random.m */; };
		AA2EB4A8200C889600B3A93E /* ViewController.m in Sources */ = {isa = PBXBuildFile; fileRef = AA2EB462200C4B3300B3A93E /* ViewController.m */; };
		AA2EB4A9200C889600B3A93E /* main.m in Sources */ = {isa = PBXBuildFile; fileRef = AA2EB46D200C4B3400B3A93E /* main.m */; };
		AA2EB4AA200C889600B3A93E /* AppDelegate.m in Sources */ = {isa = PBXBuildFile; fileRef = AA2EB45F200C4B3300B3A93E /* AppDelegate.m */; };
		AA2EB4AB200C889600B3A93E /* DetailViewController.m in Sources */ = {isa = PBXBuildFile; fileRef = AA2EB475200C4D7700B3A93E /* DetailViewController.m */; };
		AA2EB4AF200C889600B3A93E /* LaunchScreen.storyboard in Resources */ = {isa = PBXBuildFile; fileRef = AA2EB469200C4B3300B3A93E /* LaunchScreen.storyboard */; };
		AA2EB4B0200C889600B3A93E /* Assets.xcassets in Resources */ = {isa = PBXBuildFile; fileRef = AA2EB467200C4B3300B3A93E /* Assets.xcassets */; };
		AA2EB4B1200C889600B3A93E /* Main.storyboard in Resources */ = {isa = PBXBuildFile; fileRef = AA2EB464200C4B3300B3A93E /* Main.storyboard */; };
		CADA044A7E09CA683ABEA5F5 /* libPods-CalabashDemo.a in Frameworks */ = {isa = PBXBuildFile; fileRef = AA2EB4BA200C90E000B3A93E /* libPods-CalabashDemo.a */; };
/* End PBXBuildFile section */

/* Begin PBXContainerItemProxy section */
		AA2EB488200C7A6200B3A93E /* PBXContainerItemProxy */ = {
			isa = PBXContainerItemProxy;
			containerPortal = AA2EB453200C4B3300B3A93E /* Project object */;
			proxyType = 1;
			remoteGlobalIDString = AA2EB45A200C4B3300B3A93E;
			remoteInfo = CalabashDemo;
		};
/* End PBXContainerItemProxy section */

/* Begin PBXFileReference section */
		0468DD7D7C1F9BFCFE68C354 /* Pods-CalabashDemo.debug.xcconfig */ = {isa = PBXFileReference; includeInIndex = 1; lastKnownFileType = text.xcconfig; name = "Pods-CalabashDemo.debug.xcconfig"; path = "Pods/Target Support Files/Pods-CalabashDemo/Pods-CalabashDemo.debug.xcconfig"; sourceTree = "<group>"; };
		28F8A7CF965806E9E2BC22AD /* Pods-CalabashDemo.release.xcconfig */ = {isa = PBXFileReference; includeInIndex = 1; lastKnownFileType = text.xcconfig; name = "Pods-CalabashDemo.release.xcconfig"; path = "Pods/Target Support Files/Pods-CalabashDemo/Pods-CalabashDemo.release.xcconfig"; sourceTree = "<group>"; };
		59F09A9D528CD55B7A0911E5 /* Pods-CalabashDemo-cal.debug.xcconfig */ = {isa = PBXFileReference; includeInIndex = 1; lastKnownFileType = text.xcconfig; name = "Pods-CalabashDemo-cal.debug.xcconfig"; path = "Pods/Target Support Files/Pods-CalabashDemo-cal/Pods-CalabashDemo-cal.debug.xcconfig"; sourceTree = "<group>"; };
		AA2EB45B200C4B3300B3A93E /* CalabashDemo.app */ = {isa = PBXFileReference; explicitFileType = wrapper.application; includeInIndex = 0; path = CalabashDemo.app; sourceTree = BUILT_PRODUCTS_DIR; };
		AA2EB45E200C4B3300B3A93E /* AppDelegate.h */ = {isa = PBXFileReference; lastKnownFileType = sourcecode.c.h; path = AppDelegate.h; sourceTree = "<group>"; };
		AA2EB45F200C4B3300B3A93E /* AppDelegate.m */ = {isa = PBXFileReference; lastKnownFileType = sourcecode.c.objc; path = AppDelegate.m; sourceTree = "<group>"; };
		AA2EB461200C4B3300B3A93E /* ViewController.h */ = {isa = PBXFileReference; lastKnownFileType = sourcecode.c.h; path = ViewController.h; sourceTree = "<group>"; };
		AA2EB462200C4B3300B3A93E /* ViewController.m */ = {isa = PBXFileReference; lastKnownFileType = sourcecode.c.objc; path = ViewController.m; sourceTree = "<group>"; };
		AA2EB465200C4B3300B3A93E /* Base */ = {isa = PBXFileReference; lastKnownFileType = file.storyboard; name = Base; path = Base.lproj/Main.storyboard; sourceTree = "<group>"; };
		AA2EB467200C4B3300B3A93E /* Assets.xcassets */ = {isa = PBXFileReference; lastKnownFileType = folder.assetcatalog; path = Assets.xcassets; sourceTree = "<group>"; };
		AA2EB46A200C4B3300B3A93E /* Base */ = {isa = PBXFileReference; lastKnownFileType = file.storyboard; name = Base; path = Base.lproj/LaunchScreen.storyboard; sourceTree = "<group>"; };
		AA2EB46C200C4B3400B3A93E /* Info.plist */ = {isa = PBXFileReference; lastKnownFileType = text.plist.xml; path = Info.plist; sourceTree = "<group>"; };
		AA2EB46D200C4B3400B3A93E /* main.m */ = {isa = PBXFileReference; lastKnownFileType = sourcecode.c.objc; path = main.m; sourceTree = "<group>"; };
		AA2EB474200C4D7700B3A93E /* DetailViewController.h */ = {isa = PBXFileReference; lastKnownFileType = sourcecode.c.h; path = DetailViewController.h; sourceTree = "<group>"; };
		AA2EB475200C4D7700B3A93E /* DetailViewController.m */ = {isa = PBXFileReference; lastKnownFileType = sourcecode.c.objc; path = DetailViewController.m; sourceTree = "<group>"; };
		AA2EB477200C4FAD00B3A93E /* UIColor+Random.h */ = {isa = PBXFileReference; lastKnownFileType = sourcecode.c.h; path = "UIColor+Random.h"; sourceTree = "<group>"; };
		AA2EB478200C4FAD00B3A93E /* UIColor+Random.m */ = {isa = PBXFileReference; lastKnownFileType = sourcecode.c.objc; path = "UIColor+Random.m"; sourceTree = "<group>"; };
		AA2EB47C200C79E000B3A93E /* Foo.h */ = {isa = PBXFileReference; lastKnownFileType = sourcecode.c.h; path = Foo.h; sourceTree = "<group>"; };
		AA2EB47D200C79E000B3A93E /* Foo.m */ = {isa = PBXFileReference; lastKnownFileType = sourcecode.c.objc; path = Foo.m; sourceTree = "<group>"; };
		AA2EB483200C7A6200B3A93E /* CalabashDemoTests.xctest */ = {isa = PBXFileReference; explicitFileType = wrapper.cfbundle; includeInIndex = 0; path = CalabashDemoTests.xctest; sourceTree = BUILT_PRODUCTS_DIR; };
		AA2EB485200C7A6200B3A93E /* CalabashDemoTests.m */ = {isa = PBXFileReference; lastKnownFileType = sourcecode.c.objc; path = CalabashDemoTests.m; sourceTree = "<group>"; };
		AA2EB487200C7A6200B3A93E /* Info.plist */ = {isa = PBXFileReference; lastKnownFileType = text.plist.xml; path = Info.plist; sourceTree = "<group>"; };
		AA2EB4A2200C882D00B3A93E /* CalabashDemo-cal.plist */ = {isa = PBXFileReference; lastKnownFileType = text.plist.xml; name = "CalabashDemo-cal.plist"; path = "/Users/sujian/Desktop/Practice/CalabashDemo/CalabashDemo/CalabashDemo-cal.plist"; sourceTree = "<absolute>"; };
		AA2EB4B7200C889600B3A93E /* CalabashDemo-cal.app */ = {isa = PBXFileReference; explicitFileType = wrapper.application; includeInIndex = 0; path = "CalabashDemo-cal.app"; sourceTree = BUILT_PRODUCTS_DIR; };
		AA2EB4BA200C90E000B3A93E /* libPods-CalabashDemo.a */ = {isa = PBXFileReference; explicitFileType = archive.ar; path = "libPods-CalabashDemo.a"; sourceTree = BUILT_PRODUCTS_DIR; };
		AAFF1194D1D74315C647D2A4 /* Pods-CalabashDemo-cal.release.xcconfig */ = {isa = PBXFileReference; includeInIndex = 1; lastKnownFileType = text.xcconfig; name = "Pods-CalabashDemo-cal.release.xcconfig"; path = "Pods/Target Support Files/Pods-CalabashDemo-cal/Pods-CalabashDemo-cal.release.xcconfig"; sourceTree = "<group>"; };
		C72C2A9361647ECA986F30F8 /* libPods-CalabashDemo-cal.a */ = {isa = PBXFileReference; explicitFileType = archive.ar; includeInIndex = 0; path = "libPods-CalabashDemo-cal.a"; sourceTree = BUILT_PRODUCTS_DIR; };
		D4AA8AEB3821ECDE00A83320 /* libPods-CalabashDemo.a */ = {isa = PBXFileReference; explicitFileType = archive.ar; includeInIndex = 0; path = "libPods-CalabashDemo.a"; sourceTree = BUILT_PRODUCTS_DIR; };
/* End PBXFileReference section */

/* Begin PBXFrameworksBuildPhase section */
		AA2EB458200C4B3300B3A93E /* Frameworks */ = {
			isa = PBXFrameworksBuildPhase;
			buildActionMask = 2147483647;
			files = (
				38943D0283D95BC816FF69E7 /* libPods-CalabashDemo.a in Frameworks */,
				CADA044A7E09CA683ABEA5F5 /* libPods-CalabashDemo.a in Frameworks */,
			);
			runOnlyForDeploymentPostprocessing = 0;
		};
		AA2EB480200C7A6200B3A93E /* Frameworks */ = {
			isa = PBXFrameworksBuildPhase;
			buildActionMask = 2147483647;
			files = (
			);
			runOnlyForDeploymentPostprocessing = 0;
		};
		AA2EB4AC200C889600B3A93E /* Frameworks */ = {
			isa = PBXFrameworksBuildPhase;
			buildActionMask = 2147483647;
			files = (
				87ADFBA65EEF9ACCC74936FE /* libPods-CalabashDemo-cal.a in Frameworks */,
			);
			runOnlyForDeploymentPostprocessing = 0;
		};
/* End PBXFrameworksBuildPhase section */

/* Begin PBXGroup section */
		7FC8418C3D5703BC0F43146A /* Pods */ = {
			isa = PBXGroup;
			children = (
				0468DD7D7C1F9BFCFE68C354 /* Pods-CalabashDemo.debug.xcconfig */,
				28F8A7CF965806E9E2BC22AD /* Pods-CalabashDemo.release.xcconfig */,
				59F09A9D528CD55B7A0911E5 /* Pods-CalabashDemo-cal.debug.xcconfig */,
				AAFF1194D1D74315C647D2A4 /* Pods-CalabashDemo-cal.release.xcconfig */,
			);
			name = Pods;
			sourceTree = "<group>";
		};
		AA2EB452200C4B3300B3A93E = {
			isa = PBXGroup;
			children = (
				AA2EB45D200C4B3300B3A93E /* CalabashDemo */,
				AA2EB484200C7A6200B3A93E /* CalabashDemoTests */,
				AA2EB45C200C4B3300B3A93E /* Products */,
				7FC8418C3D5703BC0F43146A /* Pods */,
				E9F588092560B293684F353B /* Frameworks */,
			);
			sourceTree = "<group>";
		};
		AA2EB45C200C4B3300B3A93E /* Products */ = {
			isa = PBXGroup;
			children = (
				AA2EB45B200C4B3300B3A93E /* CalabashDemo.app */,
				AA2EB483200C7A6200B3A93E /* CalabashDemoTests.xctest */,
				AA2EB4B7200C889600B3A93E /* CalabashDemo-cal.app */,
			);
			name = Products;
			sourceTree = "<group>";
		};
		AA2EB45D200C4B3300B3A93E /* CalabashDemo */ = {
			isa = PBXGroup;
			children = (
				AA2EB45E200C4B3300B3A93E /* AppDelegate.h */,
				AA2EB45F200C4B3300B3A93E /* AppDelegate.m */,
				AA2EB461200C4B3300B3A93E /* ViewController.h */,
				AA2EB462200C4B3300B3A93E /* ViewController.m */,
				AA2EB464200C4B3300B3A93E /* Main.storyboard */,
				AA2EB467200C4B3300B3A93E /* Assets.xcassets */,
				AA2EB469200C4B3300B3A93E /* LaunchScreen.storyboard */,
				AA2EB46C200C4B3400B3A93E /* Info.plist */,
				AA2EB4A2200C882D00B3A93E /* CalabashDemo-cal.plist */,
				AA2EB46D200C4B3400B3A93E /* main.m */,
				AA2EB474200C4D7700B3A93E /* DetailViewController.h */,
				AA2EB475200C4D7700B3A93E /* DetailViewController.m */,
				AA2EB477200C4FAD00B3A93E /* UIColor+Random.h */,
				AA2EB478200C4FAD00B3A93E /* UIColor+Random.m */,
				AA2EB47C200C79E000B3A93E /* Foo.h */,
				AA2EB47D200C79E000B3A93E /* Foo.m */,
			);
			path = CalabashDemo;
			sourceTree = "<group>";
		};
		AA2EB484200C7A6200B3A93E /* CalabashDemoTests */ = {
			isa = PBXGroup;
			children = (
				AA2EB485200C7A6200B3A93E /* CalabashDemoTests.m */,
				AA2EB487200C7A6200B3A93E /* Info.plist */,
			);
			path = CalabashDemoTests;
			sourceTree = "<group>";
		};
		E9F588092560B293684F353B /* Frameworks */ = {
			isa = PBXGroup;
			children = (
				AA2EB4BA200C90E000B3A93E /* libPods-CalabashDemo.a */,
				D4AA8AEB3821ECDE00A83320 /* libPods-CalabashDemo.a */,
				C72C2A9361647ECA986F30F8 /* libPods-CalabashDemo-cal.a */,
			);
			name = Frameworks;
			sourceTree = "<group>";
		};
/* End PBXGroup section */

/* Begin PBXNativeTarget section */
		AA2EB45A200C4B3300B3A93E /* CalabashDemo */ = {
			isa = PBXNativeTarget;
			buildConfigurationList = AA2EB471200C4B3400B3A93E /* Build configuration list for PBXNativeTarget "CalabashDemo" */;
			buildPhases = (
				EAEE7D293AB7DBAAB7A22F25 /* [CP] Check Pods Manifest.lock */,
				AA2EB457200C4B3300B3A93E /* Sources */,
				AA2EB458200C4B3300B3A93E /* Frameworks */,
				AA2EB459200C4B3300B3A93E /* Resources */,
				98986580B25D3D980D4A3058 /* [CP] Embed Pods Frameworks */,
				589E49D486DC57266A083BA0 /* [CP] Copy Pods Resources */,
			);
			buildRules = (
			);
			dependencies = (
			);
			name = CalabashDemo;
			productName = CalabashDemo;
			productReference = AA2EB45B200C4B3300B3A93E /* CalabashDemo.app */;
			productType = "com.apple.product-type.application";
		};
		AA2EB482200C7A6200B3A93E /* CalabashDemoTests */ = {
			isa = PBXNativeTarget;
			buildConfigurationList = AA2EB48A200C7A6200B3A93E /* Build configuration list for PBXNativeTarget "CalabashDemoTests" */;
			buildPhases = (
				AA2EB47F200C7A6200B3A93E /* Sources */,
				AA2EB480200C7A6200B3A93E /* Frameworks */,
				AA2EB481200C7A6200B3A93E /* Resources */,
			);
			buildRules = (
			);
			dependencies = (
				AA2EB489200C7A6200B3A93E /* PBXTargetDependency */,
			);
			name = CalabashDemoTests;
			productName = CalabashDemoTests;
			productReference = AA2EB483200C7A6200B3A93E /* CalabashDemoTests.xctest */;
			productType = "com.apple.product-type.bundle.unit-test";
		};
		AA2EB4A3200C889600B3A93E /* CalabashDemo-cal */ = {
			isa = PBXNativeTarget;
			buildConfigurationList = AA2EB4B4200C889600B3A93E /* Build configuration list for PBXNativeTarget "CalabashDemo-cal" */;
			buildPhases = (
				AA2EB4A4200C889600B3A93E /* [CP] Check Pods Manifest.lock */,
				AA2EB4A5200C889600B3A93E /* Sources */,
				AA2EB4AC200C889600B3A93E /* Frameworks */,
				AA2EB4AE200C889600B3A93E /* Resources */,
				AA2EB4B2200C889600B3A93E /* [CP] Embed Pods Frameworks */,
				AA2EB4B3200C889600B3A93E /* [CP] Copy Pods Resources */,
			);
			buildRules = (
			);
			dependencies = (
			);
			name = "CalabashDemo-cal";
			productName = CalabashDemo;
			productReference = AA2EB4B7200C889600B3A93E /* CalabashDemo-cal.app */;
			productType = "com.apple.product-type.application";
		};
/* End PBXNativeTarget section */

/* Begin PBXProject section */
		AA2EB453200C4B3300B3A93E /* Project object */ = {
			isa = PBXProject;
			attributes = {
				LastUpgradeCheck = 0920;
				ORGANIZATIONNAME = sujian;
				TargetAttributes = {
					AA2EB45A200C4B3300B3A93E = {
						CreatedOnToolsVersion = 9.2;
						ProvisioningStyle = Automatic;
					};
					AA2EB482200C7A6200B3A93E = {
						CreatedOnToolsVersion = 9.2;
						ProvisioningStyle = Automatic;
						TestTargetID = AA2EB45A200C4B3300B3A93E;
					};
					AA2EB4A3200C889600B3A93E = {
						ProvisioningStyle = Automatic;
					};
				};
			};
			buildConfigurationList = AA2EB456200C4B3300B3A93E /* Build configuration list for PBXProject "CalabashDemo" */;
			compatibilityVersion = "Xcode 8.0";
			developmentRegion = en;
			hasScannedForEncodings = 0;
			knownRegions = (
				en,
				Base,
			);
			mainGroup = AA2EB452200C4B3300B3A93E;
			productRefGroup = AA2EB45C200C4B3300B3A93E /* Products */;
			projectDirPath = "";
			projectRoot = "";
			targets = (
				AA2EB45A200C4B3300B3A93E /* CalabashDemo */,
				AA2EB482200C7A6200B3A93E /* CalabashDemoTests */,
				AA2EB4A3200C889600B3A93E /* CalabashDemo-cal */,
			);
		};
/* End PBXProject section */

/* Begin PBXResourcesBuildPhase section */
		AA2EB459200C4B3300B3A93E /* Resources */ = {
			isa = PBXResourcesBuildPhase;
			buildActionMask = 2147483647;
			files = (
				AA2EB46B200C4B3300B3A93E /* LaunchScreen.storyboard in Resources */,
				AA2EB468200C4B3300B3A93E /* Assets.xcassets in Resources */,
				AA2EB466200C4B3300B3A93E /* Main.storyboard in Resources */,
			);
			runOnlyForDeploymentPostprocessing = 0;
		};
		AA2EB481200C7A6200B3A93E /* Resources */ = {
			isa = PBXResourcesBuildPhase;
			buildActionMask = 2147483647;
			files = (
			);
			runOnlyForDeploymentPostprocessing = 0;
		};
		AA2EB4AE200C889600B3A93E /* Resources */ = {
			isa = PBXResourcesBuildPhase;
			buildActionMask = 2147483647;
			files = (
				AA2EB4AF200C889600B3A93E /* LaunchScreen.storyboard in Resources */,
				AA2EB4B0200C889600B3A93E /* Assets.xcassets in Resources */,
				AA2EB4B1200C889600B3A93E /* Main.storyboard in Resources */,
			);
			runOnlyForDeploymentPostprocessing = 0;
		};
/* End PBXResourcesBuildPhase section */

/* Begin PBXShellScriptBuildPhase section */
		589E49D486DC57266A083BA0 /* [CP] Copy Pods Resources */ = {
			isa = PBXShellScriptBuildPhase;
			buildActionMask = 2147483647;
			files = (
			);
			inputPaths = (
			);
			name = "[CP] Copy Pods Resources";
			outputPaths = (
			);
			runOnlyForDeploymentPostprocessing = 0;
			shellPath = /bin/sh;
			shellScript = "\"${SRCROOT}/Pods/Target Support Files/Pods-CalabashDemo/Pods-CalabashDemo-resources.sh\"\n";
			showEnvVarsInLog = 0;
		};
		98986580B25D3D980D4A3058 /* [CP] Embed Pods Frameworks */ = {
			isa = PBXShellScriptBuildPhase;
			buildActionMask = 2147483647;
			files = (
			);
			inputPaths = (
			);
			name = "[CP] Embed Pods Frameworks";
			outputPaths = (
			);
			runOnlyForDeploymentPostprocessing = 0;
			shellPath = /bin/sh;
			shellScript = "\"${SRCROOT}/Pods/Target Support Files/Pods-CalabashDemo/Pods-CalabashDemo-frameworks.sh\"\n";
			showEnvVarsInLog = 0;
		};
		AA2EB4A4200C889600B3A93E /* [CP] Check Pods Manifest.lock */ = {
			isa = PBXShellScriptBuildPhase;
			buildActionMask = 2147483647;
			files = (
			);
			inputPaths = (
				"${PODS_PODFILE_DIR_PATH}/Podfile.lock",
				"${PODS_ROOT}/Manifest.lock",
			);
			name = "[CP] Check Pods Manifest.lock";
			outputPaths = (
				"$(DERIVED_FILE_DIR)/Pods-CalabashDemo-cal-checkManifestLockResult.txt",
			);
			runOnlyForDeploymentPostprocessing = 0;
			shellPath = /bin/sh;
			shellScript = "diff \"${PODS_PODFILE_DIR_PATH}/Podfile.lock\" \"${PODS_ROOT}/Manifest.lock\" > /dev/null\nif [ $? != 0 ] ; then\n    # print error to STDERR\n    echo \"error: The sandbox is not in sync with the Podfile.lock. Run 'pod install' or update your CocoaPods installation.\" >&2\n    exit 1\nfi\n# This output is used by Xcode 'outputs' to avoid re-running this script phase.\necho \"SUCCESS\" > \"${SCRIPT_OUTPUT_FILE_0}\"\n";
			showEnvVarsInLog = 0;
		};
		AA2EB4B2200C889600B3A93E /* [CP] Embed Pods Frameworks */ = {
			isa = PBXShellScriptBuildPhase;
			buildActionMask = 2147483647;
			files = (
			);
			inputPaths = (
			);
			name = "[CP] Embed Pods Frameworks";
			outputPaths = (
			);
			runOnlyForDeploymentPostprocessing = 0;
			shellPath = /bin/sh;
			shellScript = "\"${SRCROOT}/Pods/Target Support Files/Pods-CalabashDemo-cal/Pods-CalabashDemo-cal-frameworks.sh\"\n";
			showEnvVarsInLog = 0;
		};
		AA2EB4B3200C889600B3A93E /* [CP] Copy Pods Resources */ = {
			isa = PBXShellScriptBuildPhase;
			buildActionMask = 2147483647;
			files = (
			);
			inputPaths = (
			);
			name = "[CP] Copy Pods Resources";
			outputPaths = (
			);
			runOnlyForDeploymentPostprocessing = 0;
			shellPath = /bin/sh;
			shellScript = "\"${SRCROOT}/Pods/Target Support Files/Pods-CalabashDemo-cal/Pods-CalabashDemo-cal-resources.sh\"\n";
			showEnvVarsInLog = 0;
		};
		EAEE7D293AB7DBAAB7A22F25 /* [CP] Check Pods Manifest.lock */ = {
			isa = PBXShellScriptBuildPhase;
			buildActionMask = 2147483647;
			files = (
			);
			inputPaths = (
				"${PODS_PODFILE_DIR_PATH}/Podfile.lock",
				"${PODS_ROOT}/Manifest.lock",
			);
			name = "[CP] Check Pods Manifest.lock";
			outputPaths = (
				"$(DERIVED_FILE_DIR)/Pods-CalabashDemo-checkManifestLockResult.txt",
			);
			runOnlyForDeploymentPostprocessing = 0;
			shellPath = /bin/sh;
			shellScript = "diff \"${PODS_PODFILE_DIR_PATH}/Podfile.lock\" \"${PODS_ROOT}/Manifest.lock\" > /dev/null\nif [ $? != 0 ] ; then\n    # print error to STDERR\n    echo \"error: The sandbox is not in sync with the Podfile.lock. Run 'pod install' or update your CocoaPods installation.\" >&2\n    exit 1\nfi\n# This output is used by Xcode 'outputs' to avoid re-running this script phase.\necho \"SUCCESS\" > \"${SCRIPT_OUTPUT_FILE_0}\"\n";
			showEnvVarsInLog = 0;
		};
/* End PBXShellScriptBuildPhase section */

/* Begin PBXSourcesBuildPhase section */
		AA2EB457200C4B3300B3A93E /* Sources */ = {
			isa = PBXSourcesBuildPhase;
			buildActionMask = 2147483647;
			files = (
				AA2EB47E200C79E000B3A93E /* Foo.m in Sources */,
				AA2EB479200C4FAD00B3A93E /* UIColor+Random.m in Sources */,
				AA2EB463200C4B3300B3A93E /* ViewController.m in Sources */,
				AA2EB46E200C4B3400B3A93E /* main.m in Sources */,
				AA2EB460200C4B3300B3A93E /* AppDelegate.m in Sources */,
				AA2EB476200C4D7700B3A93E /* DetailViewController.m in Sources */,
			);
			runOnlyForDeploymentPostprocessing = 0;
		};
		AA2EB47F200C7A6200B3A93E /* Sources */ = {
			isa = PBXSourcesBuildPhase;
			buildActionMask = 2147483647;
			files = (
				AA2EB486200C7A6200B3A93E /* CalabashDemoTests.m in Sources */,
			);
			runOnlyForDeploymentPostprocessing = 0;
		};
		AA2EB4A5200C889600B3A93E /* Sources */ = {
			isa = PBXSourcesBuildPhase;
			buildActionMask = 2147483647;
			files = (
				AA2EB4A6200C889600B3A93E /* Foo.m in Sources */,
				AA2EB4A7200C889600B3A93E /* UIColor+Random.m in Sources */,
				AA2EB4A8200C889600B3A93E /* ViewController.m in Sources */,
				AA2EB4A9200C889600B3A93E /* main.m in Sources */,
				AA2EB4AA200C889600B3A93E /* AppDelegate.m in Sources */,
				AA2EB4AB200C889600B3A93E /* DetailViewController.m in Sources */,
			);
			runOnlyForDeploymentPostprocessing = 0;
		};
/* End PBXSourcesBuildPhase section */

/* Begin PBXTargetDependency section */
		AA2EB489200C7A6200B3A93E /* PBXTargetDependency */ = {
			isa = PBXTargetDependency;
			target = AA2EB45A200C4B3300B3A93E /* CalabashDemo */;
			targetProxy = AA2EB488200C7A6200B3A93E /* PBXContainerItemProxy */;
		};
/* End PBXTargetDependency section */

/* Begin PBXVariantGroup section */
		AA2EB464200C4B3300B3A93E /* Main.storyboard */ = {
			isa = PBXVariantGroup;
			children = (
				AA2EB465200C4B3300B3A93E /* Base */,
			);
			name = Main.storyboard;
			sourceTree = "<group>";
		};
		AA2EB469200C4B3300B3A93E /* LaunchScreen.storyboard */ = {
			isa = PBXVariantGroup;
			children = (
				AA2EB46A200C4B3300B3A93E /* Base */,
			);
			name = LaunchScreen.storyboard;
			sourceTree = "<group>";
		};
/* End PBXVariantGroup section */

/* Begin XCBuildConfiguration section */
		AA2EB46F200C4B3400B3A93E /* Debug */ = {
			isa = XCBuildConfiguration;
			buildSettings = {
				ALWAYS_SEARCH_USER_PATHS = NO;
				CLANG_ANALYZER_NONNULL = YES;
				CLANG_ANALYZER_NUMBER_OBJECT_CONVERSION = YES_AGGRESSIVE;
				CLANG_CXX_LANGUAGE_STANDARD = "gnu++14";
				CLANG_CXX_LIBRARY = "libc++";
				CLANG_ENABLE_MODULES = YES;
				CLANG_ENABLE_OBJC_ARC = YES;
				CLANG_WARN_BLOCK_CAPTURE_AUTORELEASING = YES;
				CLANG_WARN_BOOL_CONVERSION = YES;
				CLANG_WARN_COMMA = YES;
				CLANG_WARN_CONSTANT_CONVERSION = YES;
				CLANG_WARN_DIRECT_OBJC_ISA_USAGE = YES_ERROR;
				CLANG_WARN_DOCUMENTATION_COMMENTS = YES;
				CLANG_WARN_EMPTY_BODY = YES;
				CLANG_WARN_ENUM_CONVERSION = YES;
				CLANG_WARN_INFINITE_RECURSION = YES;
				CLANG_WARN_INT_CONVERSION = YES;
				CLANG_WARN_NON_LITERAL_NULL_CONVERSION = YES;
				CLANG_WARN_OBJC_LITERAL_CONVERSION = YES;
				CLANG_WARN_OBJC_ROOT_CLASS = YES_ERROR;
				CLANG_WARN_RANGE_LOOP_ANALYSIS = YES;
				CLANG_WARN_STRICT_PROTOTYPES = YES;
				CLANG_WARN_SUSPICIOUS_MOVE = YES;
				CLANG_WARN_UNGUARDED_AVAILABILITY = YES_AGGRESSIVE;
				CLANG_WARN_UNREACHABLE_CODE = YES;
				CLANG_WARN__DUPLICATE_METHOD_MATCH = YES;
				CODE_SIGN_IDENTITY = "iPhone Developer";
				COPY_PHASE_STRIP = NO;
				DEBUG_INFORMATION_FORMAT = dwarf;
				ENABLE_STRICT_OBJC_MSGSEND = YES;
				ENABLE_TESTABILITY = YES;
				GCC_C_LANGUAGE_STANDARD = gnu11;
				GCC_DYNAMIC_NO_PIC = NO;
				GCC_NO_COMMON_BLOCKS = YES;
				GCC_OPTIMIZATION_LEVEL = 0;
				GCC_PREPROCESSOR_DEFINITIONS = (
					"DEBUG=1",
					"$(inherited)",
				);
				GCC_WARN_64_TO_32_BIT_CONVERSION = YES;
				GCC_WARN_ABOUT_RETURN_TYPE = YES_ERROR;
				GCC_WARN_UNDECLARED_SELECTOR = YES;
				GCC_WARN_UNINITIALIZED_AUTOS = YES_AGGRESSIVE;
				GCC_WARN_UNUSED_FUNCTION = YES;
				GCC_WARN_UNUSED_VARIABLE = YES;
				IPHONEOS_DEPLOYMENT_TARGET = 11.2;
				MTL_ENABLE_DEBUG_INFO = YES;
				ONLY_ACTIVE_ARCH = YES;
				SDKROOT = iphoneos;
			};
			name = Debug;
		};
		AA2EB470200C4B3400B3A93E /* Release */ = {
			isa = XCBuildConfiguration;
			buildSettings = {
				ALWAYS_SEARCH_USER_PATHS = NO;
				CLANG_ANALYZER_NONNULL = YES;
				CLANG_ANALYZER_NUMBER_OBJECT_CONVERSION = YES_AGGRESSIVE;
				CLANG_CXX_LANGUAGE_STANDARD = "gnu++14";
				CLANG_CXX_LIBRARY = "libc++";
				CLANG_ENABLE_MODULES = YES;
				CLANG_ENABLE_OBJC_ARC = YES;
				CLANG_WARN_BLOCK_CAPTURE_AUTORELEASING = YES;
				CLANG_WARN_BOOL_CONVERSION = YES;
				CLANG_WARN_COMMA = YES;
				CLANG_WARN_CONSTANT_CONVERSION = YES;
				CLANG_WARN_DIRECT_OBJC_ISA_USAGE = YES_ERROR;
				CLANG_WARN_DOCUMENTATION_COMMENTS = YES;
				CLANG_WARN_EMPTY_BODY = YES;
				CLANG_WARN_ENUM_CONVERSION = YES;
				CLANG_WARN_INFINITE_RECURSION = YES;
				CLANG_WARN_INT_CONVERSION = YES;
				CLANG_WARN_NON_LITERAL_NULL_CONVERSION = YES;
				CLANG_WARN_OBJC_LITERAL_CONVERSION = YES;
				CLANG_WARN_OBJC_ROOT_CLASS = YES_ERROR;
				CLANG_WARN_RANGE_LOOP_ANALYSIS = YES;
				CLANG_WARN_STRICT_PROTOTYPES = YES;
				CLANG_WARN_SUSPICIOUS_MOVE = YES;
				CLANG_WARN_UNGUARDED_AVAILABILITY = YES_AGGRESSIVE;
				CLANG_WARN_UNREACHABLE_CODE = YES;
				CLANG_WARN__DUPLICATE_METHOD_MATCH = YES;
				CODE_SIGN_IDENTITY = "iPhone Developer";
				COPY_PHASE_STRIP = NO;
				DEBUG_INFORMATION_FORMAT = "dwarf-with-dsym";
				ENABLE_NS_ASSERTIONS = NO;
				ENABLE_STRICT_OBJC_MSGSEND = YES;
				GCC_C_LANGUAGE_STANDARD = gnu11;
				GCC_NO_COMMON_BLOCKS = YES;
				GCC_WARN_64_TO_32_BIT_CONVERSION = YES;
				GCC_WARN_ABOUT_RETURN_TYPE = YES_ERROR;
				GCC_WARN_UNDECLARED_SELECTOR = YES;
				GCC_WARN_UNINITIALIZED_AUTOS = YES_AGGRESSIVE;
				GCC_WARN_UNUSED_FUNCTION = YES;
				GCC_WARN_UNUSED_VARIABLE = YES;
				IPHONEOS_DEPLOYMENT_TARGET = 11.2;
				MTL_ENABLE_DEBUG_INFO = NO;
				SDKROOT = iphoneos;
				VALIDATE_PRODUCT = YES;
			};
			name = Release;
		};
		AA2EB472200C4B3400B3A93E /* Debug */ = {
			isa = XCBuildConfiguration;
			baseConfigurationReference = 0468DD7D7C1F9BFCFE68C354 /* Pods-CalabashDemo.debug.xcconfig */;
			buildSettings = {
				ASSETCATALOG_COMPILER_APPICON_NAME = AppIcon;
				CODE_SIGN_STYLE = Automatic;
				DEVELOPMENT_TEAM = ZHDZB47VKB;
				FRAMEWORK_SEARCH_PATHS = (
					"$(inherited)",
					"\"${PODS_ROOT}/AppCenter/AppCenter-SDK-Apple/iOS\"",
					"$(PLATFORM_DIR)/Developer/Library/Frameworks",
				);
				INFOPLIST_FILE = CalabashDemo/Info.plist;
				IPHONEOS_DEPLOYMENT_TARGET = 9.0;
				LD_RUNPATH_SEARCH_PATHS = "$(inherited) @executable_path/Frameworks";
				PRODUCT_BUNDLE_IDENTIFIER = Futuredial.CalabashDemo;
				PRODUCT_NAME = "$(TARGET_NAME)";
				TARGETED_DEVICE_FAMILY = "1,2";
			};
			name = Debug;
		};
		AA2EB473200C4B3400B3A93E /* Release */ = {
			isa = XCBuildConfiguration;
			baseConfigurationReference = 28F8A7CF965806E9E2BC22AD /* Pods-CalabashDemo.release.xcconfig */;
			buildSettings = {
				ASSETCATALOG_COMPILER_APPICON_NAME = AppIcon;
				CODE_SIGN_STYLE = Automatic;
				DEVELOPMENT_TEAM = ZHDZB47VKB;
				FRAMEWORK_SEARCH_PATHS = (
					"$(inherited)",
					"\"${PODS_ROOT}/AppCenter/AppCenter-SDK-Apple/iOS\"",
					"$(PLATFORM_DIR)/Developer/Library/Frameworks",
				);
				INFOPLIST_FILE = CalabashDemo/Info.plist;
				IPHONEOS_DEPLOYMENT_TARGET = 9.0;
				LD_RUNPATH_SEARCH_PATHS = "$(inherited) @executable_path/Frameworks";
				PRODUCT_BUNDLE_IDENTIFIER = Futuredial.CalabashDemo;
				PRODUCT_NAME = "$(TARGET_NAME)";
				TARGETED_DEVICE_FAMILY = "1,2";
			};
			name = Release;
		};
		AA2EB48B200C7A6200B3A93E /* Debug */ = {
			isa = XCBuildConfiguration;
			buildSettings = {
				BUNDLE_LOADER = "$(TEST_HOST)";
				CODE_SIGN_STYLE = Automatic;
				DEVELOPMENT_TEAM = ZHDZB47VKB;
				INFOPLIST_FILE = CalabashDemoTests/Info.plist;
				LD_RUNPATH_SEARCH_PATHS = "$(inherited) @executable_path/Frameworks @loader_path/Frameworks";
				PRODUCT_BUNDLE_IDENTIFIER = Futuredial.CalabashDemoTests;
				PRODUCT_NAME = "$(TARGET_NAME)";
				TARGETED_DEVICE_FAMILY = "1,2";
				TEST_HOST = "$(BUILT_PRODUCTS_DIR)/CalabashDemo.app/CalabashDemo";
			};
			name = Debug;
		};
		AA2EB48C200C7A6200B3A93E /* Release */ = {
			isa = XCBuildConfiguration;
			buildSettings = {
				BUNDLE_LOADER = "$(TEST_HOST)";
				CODE_SIGN_STYLE = Automatic;
				DEVELOPMENT_TEAM = ZHDZB47VKB;
				INFOPLIST_FILE = CalabashDemoTests/Info.plist;
				LD_RUNPATH_SEARCH_PATHS = "$(inherited) @executable_path/Frameworks @loader_path/Frameworks";
				PRODUCT_BUNDLE_IDENTIFIER = Futuredial.CalabashDemoTests;
				PRODUCT_NAME = "$(TARGET_NAME)";
				TARGETED_DEVICE_FAMILY = "1,2";
				TEST_HOST = "$(BUILT_PRODUCTS_DIR)/CalabashDemo.app/CalabashDemo";
			};
			name = Release;
		};
		AA2EB4B5200C889600B3A93E /* Debug */ = {
			isa = XCBuildConfiguration;
			baseConfigurationReference = 59F09A9D528CD55B7A0911E5 /* Pods-CalabashDemo-cal.debug.xcconfig */;
			buildSettings = {
				ASSETCATALOG_COMPILER_APPICON_NAME = AppIcon;
				CODE_SIGN_STYLE = Automatic;
				DEVELOPMENT_TEAM = ZHDZB47VKB;
				FRAMEWORK_SEARCH_PATHS = (
					"$(inherited)",
					"\"${PODS_ROOT}/AppCenter/AppCenter-SDK-Apple/iOS\"",
					"$(PLATFORM_DIR)/Developer/Library/Frameworks",
				);
				INFOPLIST_FILE = "CalabashDemo/CalabashDemo-cal.plist";
				IPHONEOS_DEPLOYMENT_TARGET = 9.0;
				LD_RUNPATH_SEARCH_PATHS = "$(inherited) @executable_path/Frameworks";
				PRODUCT_BUNDLE_IDENTIFIER = Futuredial.CalabashDemo;
				PRODUCT_NAME = "$(TARGET_NAME)";
				TARGETED_DEVICE_FAMILY = "1,2";
			};
			name = Debug;
		};
		AA2EB4B6200C889600B3A93E /* Release */ = {
			isa = XCBuildConfiguration;
			baseConfigurationReference = AAFF1194D1D74315C647D2A4 /* Pods-CalabashDemo-cal.release.xcconfig */;
			buildSettings = {
				ASSETCATALOG_COMPILER_APPICON_NAME = AppIcon;
				CODE_SIGN_STYLE = Automatic;
				DEVELOPMENT_TEAM = ZHDZB47VKB;
				FRAMEWORK_SEARCH_PATHS = (
					"$(inherited)",
					"\"${PODS_ROOT}/AppCenter/AppCenter-SDK-Apple/iOS\"",
					"$(PLATFORM_DIR)/Developer/Library/Frameworks",
				);
				INFOPLIST_FILE = "CalabashDemo/CalabashDemo-cal.plist";
				IPHONEOS_DEPLOYMENT_TARGET = 9.0;
				LD_RUNPATH_SEARCH_PATHS = "$(inherited) @executable_path/Frameworks";
				PRODUCT_BUNDLE_IDENTIFIER = Futuredial.CalabashDemo;
				PRODUCT_NAME = "$(TARGET_NAME)";
				TARGETED_DEVICE_FAMILY = "1,2";
			};
			name = Release;
		};
/* End XCBuildConfiguration section */

/* Begin XCConfigurationList section */
		AA2EB456200C4B3300B3A93E /* Build configuration list for PBXProject "CalabashDemo" */ = {
			isa = XCConfigurationList;
			buildConfigurations = (
				AA2EB46F200C4B3400B3A93E /* Debug */,
				AA2EB470200C4B3400B3A93E /* Release */,
			);
			defaultConfigurationIsVisible = 0;
			defaultConfigurationName = Release;
		};
		AA2EB471200C4B3400B3A93E /* Build configuration list for PBXNativeTarget "CalabashDemo" */ = {
			isa = XCConfigurationList;
			buildConfigurations = (
				AA2EB472200C4B3400B3A93E /* Debug */,
				AA2EB473200C4B3400B3A93E /* Release */,
			);
			defaultConfigurationIsVisible = 0;
			defaultConfigurationName = Release;
		};
		AA2EB48A200C7A6200B3A93E /* Build configuration list for PBXNativeTarget "CalabashDemoTests" */ = {
			isa = XCConfigurationList;
			buildConfigurations = (
				AA2EB48B200C7A6200B3A93E /* Debug */,
				AA2EB48C200C7A6200B3A93E /* Release */,
			);
			defaultConfigurationIsVisible = 0;
			defaultConfigurationName = Release;
		};
		AA2EB4B4200C889600B3A93E /* Build configuration list for PBXNativeTarget "CalabashDemo-cal" */ = {
			isa = XCConfigurationList;
			buildConfigurations = (
				AA2EB4B5200C889600B3A93E /* Debug */,
				AA2EB4B6200C889600B3A93E /* Release */,
			);
			defaultConfigurationIsVisible = 0;
			defaultConfigurationName = Release;
		};
/* End XCConfigurationList section */
	};
	rootObject = AA2EB453200C4B3300B3A93E /* Project object */;
}
